
Microsoft Visual Studio Solution File, Format Version 12.00
# Visual Studio Version 17
VisualStudioVersion = 17.5.33424.131
MinimumVisualStudioVersion = 10.0.40219.1
Project("{9A19103F-16F7-4668-BE54-9A1E7A4F7556}") = "GPCModel", "Model\GPCModel.csproj", "{1B68C46B-DE89-4458-AE10-A4A1A9A40BA5}"
EndProject
Project("{9A19103F-16F7-4668-BE54-9A1E7A4F7556}") = "GPCModelData", "ModelData\GPCModelData.csproj", "{F351A4CA-2C00-4F16-805E-820DD6FB3093}"
EndProject
Project("{9A19103F-16F7-4668-BE54-9A1E7A4F7556}") = "UnitTest", "UnitTest\UnitTest.csproj", "{3A40B44C-6D97-4A3E-90EA-44A41674481C}"
EndProject
Project("{2150E333-8FDC-42A3-9474-1A3956D46DE8}") = "Solution Items", "Solution Items", "{8F28599E-CA70-48EE-90B9-86C8CF895B7B}"
	ProjectSection(SolutionItems) = preProject
		.editorconfig = .editorconfig
	EndProjectSection
EndProject
Project("{FAE04EC0-301F-11D3-BF4B-00C04F79EFBC}") = "GPC Converter", "GPC Converter\GPC Converter.csproj", "{CB28F080-EBAF-44DC-998D-B773A1B16E0E}"
EndProject
Global
	GlobalSection(SolutionConfigurationPlatforms) = preSolution
		Debug|Any CPU = Debug|Any CPU
		DebugLocalLibs|Any CPU = DebugLocalLibs|Any CPU
		Release|Any CPU = Release|Any CPU
	EndGlobalSection
	GlobalSection(ProjectConfigurationPlatforms) = postSolution
		{1B68C46B-DE89-4458-AE10-A4A1A9A40BA5}.Debug|Any CPU.ActiveCfg = Debug|Any CPU
		{1B68C46B-DE89-4458-AE10-A4A1A9A40BA5}.Debug|Any CPU.Build.0 = Debug|Any CPU
		{1B68C46B-DE89-4458-AE10-A4A1A9A40BA5}.DebugLocalLibs|Any CPU.ActiveCfg = DebugLocalLibs|Any CPU
		{1B68C46B-DE89-4458-AE10-A4A1A9A40BA5}.DebugLocalLibs|Any CPU.Build.0 = DebugLocalLibs|Any CPU
		{1B68C46B-DE89-4458-AE10-A4A1A9A40BA5}.Release|Any CPU.ActiveCfg = Release|Any CPU
		{1B68C46B-DE89-4458-AE10-A4A1A9A40BA5}.Release|Any CPU.Build.0 = Release|Any CPU
		{F351A4CA-2C00-4F16-805E-820DD6FB3093}.Debug|Any CPU.ActiveCfg = Debug|Any CPU
		{F351A4CA-2C00-4F16-805E-820DD6FB3093}.Debug|Any CPU.Build.0 = Debug|Any CPU
		{F351A4CA-2C00-4F16-805E-820DD6FB3093}.DebugLocalLibs|Any CPU.ActiveCfg = DebugLocalLibs|Any CPU
		{F351A4CA-2C00-4F16-805E-820DD6FB3093}.DebugLocalLibs|Any CPU.Build.0 = DebugLocalLibs|Any CPU
		{F351A4CA-2C00-4F16-805E-820DD6FB3093}.Release|Any CPU.ActiveCfg = Release|Any CPU
		{F351A4CA-2C00-4F16-805E-820DD6FB3093}.Release|Any CPU.Build.0 = Release|Any CPU
		{3A40B44C-6D97-4A3E-90EA-44A41674481C}.Debug|Any CPU.ActiveCfg = Debug|Any CPU
		{3A40B44C-6D97-4A3E-90EA-44A41674481C}.Debug|Any CPU.Build.0 = Debug|Any CPU
		{3A40B44C-6D97-4A3E-90EA-44A41674481C}.DebugLocalLibs|Any CPU.ActiveCfg = DebugLocalLibs|Any CPU
		{3A40B44C-6D97-4A3E-90EA-44A41674481C}.DebugLocalLibs|Any CPU.Build.0 = DebugLocalLibs|Any CPU
		{3A40B44C-6D97-4A3E-90EA-44A41674481C}.Release|Any CPU.ActiveCfg = Release|Any CPU
		{3A40B44C-6D97-4A3E-90EA-44A41674481C}.Release|Any CPU.Build.0 = Release|Any CPU
		{CB28F080-EBAF-44DC-998D-B773A1B16E0E}.Debug|Any CPU.ActiveCfg = Debug|Any CPU
		{CB28F080-EBAF-44DC-998D-B773A1B16E0E}.Debug|Any CPU.Build.0 = Debug|Any CPU
		{CB28F080-EBAF-44DC-998D-B773A1B16E0E}.DebugLocalLibs|Any CPU.ActiveCfg = DebugLocalLibs|Any CPU
		{CB28F080-EBAF-44DC-998D-B773A1B16E0E}.DebugLocalLibs|Any CPU.Build.0 = DebugLocalLibs|Any CPU
		{CB28F080-EBAF-44DC-998D-B773A1B16E0E}.Release|Any CPU.ActiveCfg = Release|Any CPU
		{CB28F080-EBAF-44DC-998D-B773A1B16E0E}.Release|Any CPU.Build.0 = Release|Any CPU
	EndGlobalSection
	GlobalSection(SolutionProperties) = preSolution
		HideSolutionNode = FALSE
	EndGlobalSection
	GlobalSection(ExtensibilityGlobals) = postSolution
		SolutionGuid = {35FFB77E-2908-4B23-A8B7-2E838AC1271A}
	EndGlobalSection
EndGlobal
