
Microsoft Visual Studio Solution File, Format Version 12.00
# Visual Studio Version 17
VisualStudioVersion = 17.5.33424.131
MinimumVisualStudioVersion = 10.0.40219.1
Project("{9A19103F-16F7-4668-BE54-9A1E7A4F7556}") = "GPCModel", "Model\GPCModel.csproj", "{1B68C46B-DE89-4458-AE10-A4A1A9A40BA5}"
EndProject
Project("{9A19103F-16F7-4668-BE54-9A1E7A4F7556}") = "GPCModelData", "ModelData\GPCModelData.csproj", "{F351A4CA-2C00-4F16-805E-820DD6FB3093}"
EndProject
Project("{9A19103F-16F7-4668-BE54-9A1E7A4F7556}") = "UnitTest", "UnitTest\UnitTest.csproj", "{3A40B44C-6D97-4A3E-90EA-44A41674481C}"
EndProject
Project("{2150E333-8FDC-42A3-9474-1A3956D46DE8}") = "Solution Items", "Solution Items", "{8F28599E-CA70-48EE-90B9-86C8CF895B7B}"
	ProjectSection(SolutionItems) = preProject
		.editorconfig = .editorconfig
	EndProjectSection
EndProject
Project("{FAE04EC0-301F-11D3-BF4B-00C04F79EFBC}") = "GPC Converter", "GPC Converter\GPC Converter.csproj", "{CB28F080-EBAF-44DC-998D-B773A1B16E0E}"
EndProject
Project("{2150E333-8FDC-42A3-9474-1A3956D46DE8}") = "ModelChecker", "ModelChecker", "{1CCD3F02-4BC7-BCE4-3BE7-AC175FD32427}"
EndProject
Project("{FAE04EC0-301F-11D3-BF4B-00C04F79EFBC}") = "GPCModelChecker", "ModelChecker\GPCModelChecker.csproj", "{C8B764B3-98DA-4C61-9C66-D4AC36AD9634}"
EndProject
Project("{FAE04EC0-301F-11D3-BF4B-00C04F79EFBC}") = "ModelChecker.Tests", "ModelChecker.Tests\ModelChecker.Tests.csproj", "{86512C90-5726-4EA5-9A9A-71035665E8A5}"
EndProject
Project("{FAE04EC0-301F-11D3-BF4B-00C04F79EFBC}") = "GPC.Model.Persistence", "GPC.Model.Persistence\GPC.Model.Persistence.csproj", "{51F5A28F-9C72-435D-8719-DA89E2405413}"
EndProject
Project("{FAE04EC0-301F-11D3-BF4B-00C04F79EFBC}") = "Model.Core.Tests", "Model.Core.Tests\Model.Core.Tests.csproj", "{56515329-67DA-438C-B4CD-FE110EF039FF}"
EndProject
Global
	GlobalSection(SolutionConfigurationPlatforms) = preSolution
		Debug|Any CPU = Debug|Any CPU
		Debug|x64 = Debug|x64
		Debug|x86 = Debug|x86
		DebugLocalLibs|Any CPU = DebugLocalLibs|Any CPU
		DebugLocalLibs|x64 = DebugLocalLibs|x64
		DebugLocalLibs|x86 = DebugLocalLibs|x86
		Release|Any CPU = Release|Any CPU
		Release|x64 = Release|x64
		Release|x86 = Release|x86
	EndGlobalSection
	GlobalSection(ProjectConfigurationPlatforms) = postSolution
		{1B68C46B-DE89-4458-AE10-A4A1A9A40BA5}.Debug|Any CPU.ActiveCfg = Debug|Any CPU
		{1B68C46B-DE89-4458-AE10-A4A1A9A40BA5}.Debug|Any CPU.Build.0 = Debug|Any CPU
		{1B68C46B-DE89-4458-AE10-A4A1A9A40BA5}.Debug|x64.ActiveCfg = Debug|Any CPU
		{1B68C46B-DE89-4458-AE10-A4A1A9A40BA5}.Debug|x64.Build.0 = Debug|Any CPU
		{1B68C46B-DE89-4458-AE10-A4A1A9A40BA5}.Debug|x86.ActiveCfg = Debug|Any CPU
		{1B68C46B-DE89-4458-AE10-A4A1A9A40BA5}.Debug|x86.Build.0 = Debug|Any CPU
		{1B68C46B-DE89-4458-AE10-A4A1A9A40BA5}.DebugLocalLibs|Any CPU.ActiveCfg = DebugLocalLibs|Any CPU
		{1B68C46B-DE89-4458-AE10-A4A1A9A40BA5}.DebugLocalLibs|Any CPU.Build.0 = DebugLocalLibs|Any CPU
		{1B68C46B-DE89-4458-AE10-A4A1A9A40BA5}.DebugLocalLibs|x64.ActiveCfg = DebugLocalLibs|Any CPU
		{1B68C46B-DE89-4458-AE10-A4A1A9A40BA5}.DebugLocalLibs|x64.Build.0 = DebugLocalLibs|Any CPU
		{1B68C46B-DE89-4458-AE10-A4A1A9A40BA5}.DebugLocalLibs|x86.ActiveCfg = DebugLocalLibs|Any CPU
		{1B68C46B-DE89-4458-AE10-A4A1A9A40BA5}.DebugLocalLibs|x86.Build.0 = DebugLocalLibs|Any CPU
		{1B68C46B-DE89-4458-AE10-A4A1A9A40BA5}.Release|Any CPU.ActiveCfg = Release|Any CPU
		{1B68C46B-DE89-4458-AE10-A4A1A9A40BA5}.Release|Any CPU.Build.0 = Release|Any CPU
		{1B68C46B-DE89-4458-AE10-A4A1A9A40BA5}.Release|x64.ActiveCfg = Release|Any CPU
		{1B68C46B-DE89-4458-AE10-A4A1A9A40BA5}.Release|x64.Build.0 = Release|Any CPU
		{1B68C46B-DE89-4458-AE10-A4A1A9A40BA5}.Release|x86.ActiveCfg = Release|Any CPU
		{1B68C46B-DE89-4458-AE10-A4A1A9A40BA5}.Release|x86.Build.0 = Release|Any CPU
		{F351A4CA-2C00-4F16-805E-820DD6FB3093}.Debug|Any CPU.ActiveCfg = Debug|Any CPU
		{F351A4CA-2C00-4F16-805E-820DD6FB3093}.Debug|Any CPU.Build.0 = Debug|Any CPU
		{F351A4CA-2C00-4F16-805E-820DD6FB3093}.Debug|x64.ActiveCfg = Debug|Any CPU
		{F351A4CA-2C00-4F16-805E-820DD6FB3093}.Debug|x64.Build.0 = Debug|Any CPU
		{F351A4CA-2C00-4F16-805E-820DD6FB3093}.Debug|x86.ActiveCfg = Debug|Any CPU
		{F351A4CA-2C00-4F16-805E-820DD6FB3093}.Debug|x86.Build.0 = Debug|Any CPU
		{F351A4CA-2C00-4F16-805E-820DD6FB3093}.DebugLocalLibs|Any CPU.ActiveCfg = DebugLocalLibs|Any CPU
		{F351A4CA-2C00-4F16-805E-820DD6FB3093}.DebugLocalLibs|Any CPU.Build.0 = DebugLocalLibs|Any CPU
		{F351A4CA-2C00-4F16-805E-820DD6FB3093}.DebugLocalLibs|x64.ActiveCfg = DebugLocalLibs|Any CPU
		{F351A4CA-2C00-4F16-805E-820DD6FB3093}.DebugLocalLibs|x64.Build.0 = DebugLocalLibs|Any CPU
		{F351A4CA-2C00-4F16-805E-820DD6FB3093}.DebugLocalLibs|x86.ActiveCfg = DebugLocalLibs|Any CPU
		{F351A4CA-2C00-4F16-805E-820DD6FB3093}.DebugLocalLibs|x86.Build.0 = DebugLocalLibs|Any CPU
		{F351A4CA-2C00-4F16-805E-820DD6FB3093}.Release|Any CPU.ActiveCfg = Release|Any CPU
		{F351A4CA-2C00-4F16-805E-820DD6FB3093}.Release|Any CPU.Build.0 = Release|Any CPU
		{F351A4CA-2C00-4F16-805E-820DD6FB3093}.Release|x64.ActiveCfg = Release|Any CPU
		{F351A4CA-2C00-4F16-805E-820DD6FB3093}.Release|x64.Build.0 = Release|Any CPU
		{F351A4CA-2C00-4F16-805E-820DD6FB3093}.Release|x86.ActiveCfg = Release|Any CPU
		{F351A4CA-2C00-4F16-805E-820DD6FB3093}.Release|x86.Build.0 = Release|Any CPU
		{3A40B44C-6D97-4A3E-90EA-44A41674481C}.Debug|Any CPU.ActiveCfg = Debug|Any CPU
		{3A40B44C-6D97-4A3E-90EA-44A41674481C}.Debug|Any CPU.Build.0 = Debug|Any CPU
		{3A40B44C-6D97-4A3E-90EA-44A41674481C}.Debug|x64.ActiveCfg = Debug|Any CPU
		{3A40B44C-6D97-4A3E-90EA-44A41674481C}.Debug|x64.Build.0 = Debug|Any CPU
		{3A40B44C-6D97-4A3E-90EA-44A41674481C}.Debug|x86.ActiveCfg = Debug|Any CPU
		{3A40B44C-6D97-4A3E-90EA-44A41674481C}.Debug|x86.Build.0 = Debug|Any CPU
		{3A40B44C-6D97-4A3E-90EA-44A41674481C}.DebugLocalLibs|Any CPU.ActiveCfg = DebugLocalLibs|Any CPU
		{3A40B44C-6D97-4A3E-90EA-44A41674481C}.DebugLocalLibs|Any CPU.Build.0 = DebugLocalLibs|Any CPU
		{3A40B44C-6D97-4A3E-90EA-44A41674481C}.DebugLocalLibs|x64.ActiveCfg = DebugLocalLibs|Any CPU
		{3A40B44C-6D97-4A3E-90EA-44A41674481C}.DebugLocalLibs|x64.Build.0 = DebugLocalLibs|Any CPU
		{3A40B44C-6D97-4A3E-90EA-44A41674481C}.DebugLocalLibs|x86.ActiveCfg = DebugLocalLibs|Any CPU
		{3A40B44C-6D97-4A3E-90EA-44A41674481C}.DebugLocalLibs|x86.Build.0 = DebugLocalLibs|Any CPU
		{3A40B44C-6D97-4A3E-90EA-44A41674481C}.Release|Any CPU.ActiveCfg = Release|Any CPU
		{3A40B44C-6D97-4A3E-90EA-44A41674481C}.Release|Any CPU.Build.0 = Release|Any CPU
		{3A40B44C-6D97-4A3E-90EA-44A41674481C}.Release|x64.ActiveCfg = Release|Any CPU
		{3A40B44C-6D97-4A3E-90EA-44A41674481C}.Release|x64.Build.0 = Release|Any CPU
		{3A40B44C-6D97-4A3E-90EA-44A41674481C}.Release|x86.ActiveCfg = Release|Any CPU
		{3A40B44C-6D97-4A3E-90EA-44A41674481C}.Release|x86.Build.0 = Release|Any CPU
		{CB28F080-EBAF-44DC-998D-B773A1B16E0E}.Debug|Any CPU.ActiveCfg = Debug|Any CPU
		{CB28F080-EBAF-44DC-998D-B773A1B16E0E}.Debug|Any CPU.Build.0 = Debug|Any CPU
		{CB28F080-EBAF-44DC-998D-B773A1B16E0E}.Debug|x64.ActiveCfg = Debug|Any CPU
		{CB28F080-EBAF-44DC-998D-B773A1B16E0E}.Debug|x64.Build.0 = Debug|Any CPU
		{CB28F080-EBAF-44DC-998D-B773A1B16E0E}.Debug|x86.ActiveCfg = Debug|Any CPU
		{CB28F080-EBAF-44DC-998D-B773A1B16E0E}.Debug|x86.Build.0 = Debug|Any CPU
		{CB28F080-EBAF-44DC-998D-B773A1B16E0E}.DebugLocalLibs|Any CPU.ActiveCfg = DebugLocalLibs|Any CPU
		{CB28F080-EBAF-44DC-998D-B773A1B16E0E}.DebugLocalLibs|Any CPU.Build.0 = DebugLocalLibs|Any CPU
		{CB28F080-EBAF-44DC-998D-B773A1B16E0E}.DebugLocalLibs|x64.ActiveCfg = DebugLocalLibs|Any CPU
		{CB28F080-EBAF-44DC-998D-B773A1B16E0E}.DebugLocalLibs|x64.Build.0 = DebugLocalLibs|Any CPU
		{CB28F080-EBAF-44DC-998D-B773A1B16E0E}.DebugLocalLibs|x86.ActiveCfg = DebugLocalLibs|Any CPU
		{CB28F080-EBAF-44DC-998D-B773A1B16E0E}.DebugLocalLibs|x86.Build.0 = DebugLocalLibs|Any CPU
		{CB28F080-EBAF-44DC-998D-B773A1B16E0E}.Release|Any CPU.ActiveCfg = Release|Any CPU
		{CB28F080-EBAF-44DC-998D-B773A1B16E0E}.Release|Any CPU.Build.0 = Release|Any CPU
		{CB28F080-EBAF-44DC-998D-B773A1B16E0E}.Release|x64.ActiveCfg = Release|Any CPU
		{CB28F080-EBAF-44DC-998D-B773A1B16E0E}.Release|x64.Build.0 = Release|Any CPU
		{CB28F080-EBAF-44DC-998D-B773A1B16E0E}.Release|x86.ActiveCfg = Release|Any CPU
		{CB28F080-EBAF-44DC-998D-B773A1B16E0E}.Release|x86.Build.0 = Release|Any CPU
		{C8B764B3-98DA-4C61-9C66-D4AC36AD9634}.Debug|Any CPU.ActiveCfg = Debug|Any CPU
		{C8B764B3-98DA-4C61-9C66-D4AC36AD9634}.Debug|Any CPU.Build.0 = Debug|Any CPU
		{C8B764B3-98DA-4C61-9C66-D4AC36AD9634}.Debug|x64.ActiveCfg = Debug|Any CPU
		{C8B764B3-98DA-4C61-9C66-D4AC36AD9634}.Debug|x64.Build.0 = Debug|Any CPU
		{C8B764B3-98DA-4C61-9C66-D4AC36AD9634}.Debug|x86.ActiveCfg = Debug|Any CPU
		{C8B764B3-98DA-4C61-9C66-D4AC36AD9634}.Debug|x86.Build.0 = Debug|Any CPU
		{C8B764B3-98DA-4C61-9C66-D4AC36AD9634}.DebugLocalLibs|Any CPU.ActiveCfg = Debug|Any CPU
		{C8B764B3-98DA-4C61-9C66-D4AC36AD9634}.DebugLocalLibs|Any CPU.Build.0 = Debug|Any CPU
		{C8B764B3-98DA-4C61-9C66-D4AC36AD9634}.DebugLocalLibs|x64.ActiveCfg = Debug|Any CPU
		{C8B764B3-98DA-4C61-9C66-D4AC36AD9634}.DebugLocalLibs|x64.Build.0 = Debug|Any CPU
		{C8B764B3-98DA-4C61-9C66-D4AC36AD9634}.DebugLocalLibs|x86.ActiveCfg = Debug|Any CPU
		{C8B764B3-98DA-4C61-9C66-D4AC36AD9634}.DebugLocalLibs|x86.Build.0 = Debug|Any CPU
		{C8B764B3-98DA-4C61-9C66-D4AC36AD9634}.Release|Any CPU.ActiveCfg = Release|Any CPU
		{C8B764B3-98DA-4C61-9C66-D4AC36AD9634}.Release|Any CPU.Build.0 = Release|Any CPU
		{C8B764B3-98DA-4C61-9C66-D4AC36AD9634}.Release|x64.ActiveCfg = Release|Any CPU
		{C8B764B3-98DA-4C61-9C66-D4AC36AD9634}.Release|x64.Build.0 = Release|Any CPU
		{C8B764B3-98DA-4C61-9C66-D4AC36AD9634}.Release|x86.ActiveCfg = Release|Any CPU
		{C8B764B3-98DA-4C61-9C66-D4AC36AD9634}.Release|x86.Build.0 = Release|Any CPU
		{86512C90-5726-4EA5-9A9A-71035665E8A5}.Debug|Any CPU.ActiveCfg = Debug|Any CPU
		{86512C90-5726-4EA5-9A9A-71035665E8A5}.Debug|Any CPU.Build.0 = Debug|Any CPU
		{86512C90-5726-4EA5-9A9A-71035665E8A5}.Debug|x64.ActiveCfg = Debug|Any CPU
		{86512C90-5726-4EA5-9A9A-71035665E8A5}.Debug|x64.Build.0 = Debug|Any CPU
		{86512C90-5726-4EA5-9A9A-71035665E8A5}.Debug|x86.ActiveCfg = Debug|Any CPU
		{86512C90-5726-4EA5-9A9A-71035665E8A5}.Debug|x86.Build.0 = Debug|Any CPU
		{86512C90-5726-4EA5-9A9A-71035665E8A5}.DebugLocalLibs|Any CPU.ActiveCfg = Debug|Any CPU
		{86512C90-5726-4EA5-9A9A-71035665E8A5}.DebugLocalLibs|Any CPU.Build.0 = Debug|Any CPU
		{86512C90-5726-4EA5-9A9A-71035665E8A5}.DebugLocalLibs|x64.ActiveCfg = Debug|Any CPU
		{86512C90-5726-4EA5-9A9A-71035665E8A5}.DebugLocalLibs|x64.Build.0 = Debug|Any CPU
		{86512C90-5726-4EA5-9A9A-71035665E8A5}.DebugLocalLibs|x86.ActiveCfg = Debug|Any CPU
		{86512C90-5726-4EA5-9A9A-71035665E8A5}.DebugLocalLibs|x86.Build.0 = Debug|Any CPU
		{86512C90-5726-4EA5-9A9A-71035665E8A5}.Release|Any CPU.ActiveCfg = Release|Any CPU
		{86512C90-5726-4EA5-9A9A-71035665E8A5}.Release|Any CPU.Build.0 = Release|Any CPU
		{86512C90-5726-4EA5-9A9A-71035665E8A5}.Release|x64.ActiveCfg = Release|Any CPU
		{86512C90-5726-4EA5-9A9A-71035665E8A5}.Release|x64.Build.0 = Release|Any CPU
		{86512C90-5726-4EA5-9A9A-71035665E8A5}.Release|x86.ActiveCfg = Release|Any CPU
		{86512C90-5726-4EA5-9A9A-71035665E8A5}.Release|x86.Build.0 = Release|Any CPU
		{51F5A28F-9C72-435D-8719-DA89E2405413}.Debug|Any CPU.ActiveCfg = Debug|Any CPU
		{51F5A28F-9C72-435D-8719-DA89E2405413}.Debug|Any CPU.Build.0 = Debug|Any CPU
		{51F5A28F-9C72-435D-8719-DA89E2405413}.Debug|x64.ActiveCfg = Debug|Any CPU
		{51F5A28F-9C72-435D-8719-DA89E2405413}.Debug|x64.Build.0 = Debug|Any CPU
		{51F5A28F-9C72-435D-8719-DA89E2405413}.Debug|x86.ActiveCfg = Debug|Any CPU
		{51F5A28F-9C72-435D-8719-DA89E2405413}.Debug|x86.Build.0 = Debug|Any CPU
		{51F5A28F-9C72-435D-8719-DA89E2405413}.DebugLocalLibs|Any CPU.ActiveCfg = Debug|Any CPU
		{51F5A28F-9C72-435D-8719-DA89E2405413}.DebugLocalLibs|Any CPU.Build.0 = Debug|Any CPU
		{51F5A28F-9C72-435D-8719-DA89E2405413}.DebugLocalLibs|x64.ActiveCfg = Debug|Any CPU
		{51F5A28F-9C72-435D-8719-DA89E2405413}.DebugLocalLibs|x64.Build.0 = Debug|Any CPU
		{51F5A28F-9C72-435D-8719-DA89E2405413}.DebugLocalLibs|x86.ActiveCfg = Debug|Any CPU
		{51F5A28F-9C72-435D-8719-DA89E2405413}.DebugLocalLibs|x86.Build.0 = Debug|Any CPU
		{51F5A28F-9C72-435D-8719-DA89E2405413}.Release|Any CPU.ActiveCfg = Release|Any CPU
		{51F5A28F-9C72-435D-8719-DA89E2405413}.Release|Any CPU.Build.0 = Release|Any CPU
		{51F5A28F-9C72-435D-8719-DA89E2405413}.Release|x64.ActiveCfg = Release|Any CPU
		{51F5A28F-9C72-435D-8719-DA89E2405413}.Release|x64.Build.0 = Release|Any CPU
		{51F5A28F-9C72-435D-8719-DA89E2405413}.Release|x86.ActiveCfg = Release|Any CPU
		{51F5A28F-9C72-435D-8719-DA89E2405413}.Release|x86.Build.0 = Release|Any CPU
		{56515329-67DA-438C-B4CD-FE110EF039FF}.Debug|Any CPU.ActiveCfg = Debug|Any CPU
		{56515329-67DA-438C-B4CD-FE110EF039FF}.Debug|Any CPU.Build.0 = Debug|Any CPU
		{56515329-67DA-438C-B4CD-FE110EF039FF}.Debug|x64.ActiveCfg = Debug|Any CPU
		{56515329-67DA-438C-B4CD-FE110EF039FF}.Debug|x64.Build.0 = Debug|Any CPU
		{56515329-67DA-438C-B4CD-FE110EF039FF}.Debug|x86.ActiveCfg = Debug|Any CPU
		{56515329-67DA-438C-B4CD-FE110EF039FF}.Debug|x86.Build.0 = Debug|Any CPU
		{56515329-67DA-438C-B4CD-FE110EF039FF}.DebugLocalLibs|Any CPU.ActiveCfg = Debug|Any CPU
		{56515329-67DA-438C-B4CD-FE110EF039FF}.DebugLocalLibs|Any CPU.Build.0 = Debug|Any CPU
		{56515329-67DA-438C-B4CD-FE110EF039FF}.DebugLocalLibs|x64.ActiveCfg = Debug|Any CPU
		{56515329-67DA-438C-B4CD-FE110EF039FF}.DebugLocalLibs|x64.Build.0 = Debug|Any CPU
		{56515329-67DA-438C-B4CD-FE110EF039FF}.DebugLocalLibs|x86.ActiveCfg = Debug|Any CPU
		{56515329-67DA-438C-B4CD-FE110EF039FF}.DebugLocalLibs|x86.Build.0 = Debug|Any CPU
		{56515329-67DA-438C-B4CD-FE110EF039FF}.Release|Any CPU.ActiveCfg = Release|Any CPU
		{56515329-67DA-438C-B4CD-FE110EF039FF}.Release|Any CPU.Build.0 = Release|Any CPU
		{56515329-67DA-438C-B4CD-FE110EF039FF}.Release|x64.ActiveCfg = Release|Any CPU
		{56515329-67DA-438C-B4CD-FE110EF039FF}.Release|x64.Build.0 = Release|Any CPU
		{56515329-67DA-438C-B4CD-FE110EF039FF}.Release|x86.ActiveCfg = Release|Any CPU
		{56515329-67DA-438C-B4CD-FE110EF039FF}.Release|x86.Build.0 = Release|Any CPU
	EndGlobalSection
	GlobalSection(SolutionProperties) = preSolution
		HideSolutionNode = FALSE
	EndGlobalSection
	GlobalSection(NestedProjects) = preSolution
		{C8B764B3-98DA-4C61-9C66-D4AC36AD9634} = {1CCD3F02-4BC7-BCE4-3BE7-AC175FD32427}
		{86512C90-5726-4EA5-9A9A-71035665E8A5} = {1CCD3F02-4BC7-BCE4-3BE7-AC175FD32427}
	EndGlobalSection
	GlobalSection(ExtensibilityGlobals) = postSolution
		SolutionGuid = {35FFB77E-2908-4B23-A8B7-2E838AC1271A}
	EndGlobalSection
EndGlobal
